
Microsoft Visual Studio Solution File, Format Version 12.00
# Visual Studio Version 17
VisualStudioVersion = 17.14.36414.22 d17.14
MinimumVisualStudioVersion = 10.0.40219.1
Project("{FAE04EC0-301F-11D3-BF4B-00C04F79EFBC}") = "CiudadesLibrary1", "CiudadesLibrary1\CiudadesLibrary1.csproj", "{EE2B4EDA-E0B7-4004-88D7-5E61A8F9E314}"
EndProject
Project("{FAE04EC0-301F-11D3-BF4B-00C04F79EFBC}") = "CiudadesApp", "CiudadesApp\CiudadesApp.csproj", "{053F4B25-E5AC-4E51-BEAA-25E3627C9656}"
EndProject
Global
	GlobalSection(SolutionConfigurationPlatforms) = preSolution
		Debug|Any CPU = Debug|Any CPU
		Release|Any CPU = Release|Any CPU
	EndGlobalSection
	GlobalSection(ProjectConfigurationPlatforms) = postSolution
		{EE2B4EDA-E0B7-4004-88D7-5E61A8F9E314}.Debug|Any CPU.ActiveCfg = Debug|Any CPU
		{EE2B4EDA-E0B7-4004-88D7-5E61A8F9E314}.Debug|Any CPU.Build.0 = Debug|Any CPU
		{EE2B4EDA-E0B7-4004-88D7-5E61A8F9E314}.Release|Any CPU.ActiveCfg = Release|Any CPU
		{EE2B4EDA-E0B7-4004-88D7-5E61A8F9E314}.Release|Any CPU.Build.0 = Release|Any CPU
		{053F4B25-E5AC-4E51-BEAA-25E3627C9656}.Debug|Any CPU.ActiveCfg = Debug|Any CPU
		{053F4B25-E5AC-4E51-BEAA-25E3627C9656}.Debug|Any CPU.Build.0 = Debug|Any CPU
		{053F4B25-E5AC-4E51-BEAA-25E3627C9656}.Release|Any CPU.ActiveCfg = Release|Any CPU
		{053F4B25-E5AC-4E51-BEAA-25E3627C9656}.Release|Any CPU.Build.0 = Release|Any CPU
	EndGlobalSection
	GlobalSection(SolutionProperties) = preSolution
		HideSolutionNode = FALSE
	EndGlobalSection
	GlobalSection(ExtensibilityGlobals) = postSolution
		SolutionGuid = {4B5A0342-3D48-43CA-81A4-A8716056F44A}
	EndGlobalSection
EndGlobal
